{"1.1.0",
[{<<"basho_stats">>,{pkg,<<"basho_stats">>,<<"1.0.3">>},1},
 {<<"bear">>,{pkg,<<"bear">>,<<"0.8.5">>},2},
 {<<"blume">>,{pkg,<<"blume">>,<<"0.1.1">>},1},
 {<<"chash">>,{pkg,<<"chash">>,<<"0.1.2">>},1},
 {<<"clique">>,{pkg,<<"clique">>,<<"0.3.10">>},1},
 {<<"cowboy">>,{pkg,<<"cowboy">>,<<"2.1.0">>},0},
 {<<"cowlib">>,{pkg,<<"cowlib">>,<<"2.0.1">>},1},
 {<<"cuttlefish">>,{pkg,<<"cuttlefish">>,<<"2.0.12">>},1},
 {<<"eleveldb">>,{pkg,<<"eleveldb">>,<<"2.2.20">>},1},
 {<<"exometer_core">>,{pkg,<<"exometer_core">>,<<"1.5.2">>},0},
 {<<"folsom">>,{pkg,<<"folsom">>,<<"0.8.5">>},1},
 {<<"getopt">>,{pkg,<<"getopt">>,<<"0.8.2">>},2},
 {<<"goldrush">>,{pkg,<<"goldrush">>,<<"0.1.9">>},1},
 {<<"hut">>,{pkg,<<"hut">>,<<"1.2.0">>},1},
 {<<"jam">>,{pkg,<<"jam">>,<<"1.0.0">>},1},
 {<<"jsone">>,{pkg,<<"jsone">>,<<"1.4.5">>},0},
 {<<"lager">>,{pkg,<<"lager">>,<<"3.5.2">>},1},
 {<<"parse_trans">>,{pkg,<<"parse_trans">>,<<"3.0.0">>},1},
 {<<"pbkdf2">>,{pkg,<<"pbkdf2">>,<<"2.0.0">>},0},
 {<<"poolboy">>,{pkg,<<"basho_poolboy">>,<<"0.8.2">>},1},
 {<<"ranch">>,{pkg,<<"ranch">>,<<"1.4.0">>},1},
 {<<"riak_core">>,{pkg,<<"riak_core_ng">>,<<"3.0.9">>},0},
 {<<"riak_ensemble">>,{pkg,<<"riak_ensemble_ng">>,<<"2.4.0">>},1},
 {<<"riak_sysmon">>,{pkg,<<"riak_sysmon">>,<<"2.1.5">>},1},
 {<<"setup">>,{pkg,<<"setup">>,<<"1.8.4">>},1}]}.
[
{pkg_hash,[
 {<<"basho_stats">>, <<"7E1174151509C64FCC1934120ED32295E14F84DAAE7F84926BA2C8D3700D146C">>},
 {<<"bear">>, <<"E95FCA1627CD9E15BAF93CE0A52AFF16917BAF325F0EE65B88CD715376CD2344">>},
 {<<"blume">>, <<"CFB4F43688690BA81C6A79F54E4678CFD5FDEDAB692F277AE740AE4A3897360D">>},
 {<<"chash">>, <<"AF02484F2640C653C4B9A8557A14CA0704989DBEDB27E7CCBC442F1903A3BCA7">>},
 {<<"clique">>, <<"29ECBA7EC61DED866197164D33F61D1CBF892ED85FC933673D7E50D0689D34FB">>},
 {<<"cowboy">>, <<"69F9DB3B23C24AB6B3A169A6357130C16B39CDA1A1F8C582F818883EE552589D">>},
 {<<"cowlib">>, <<"4DFFFB1DB296EAB9F2E8B95EE3017007F674BC920CE30AEB5A53BBDA82FC38C0">>},
 {<<"cuttlefish">>, <<"1441A12BCE207F7FC796A4DA50D47080D21E83E15309AD6496DE27840A54D5FC">>},
 {<<"eleveldb">>, <<"1FFF63A5055BBF4BF821F797EF76065882B193F5E8095F95FCD9287187773B58">>},
 {<<"exometer_core">>, <<"62A99A361BA8A14D53857D4C716A191E810299D2F43C5C981EB7B086C0BFCCE1">>},
 {<<"folsom">>, <<"94A027B56FE84FEED264F9B33CB4C6AC9A801FAD84B87DBDA0836CE83C3B8D69">>},
 {<<"getopt">>, <<"B17556DB683000BA50370B16C0619DF1337E7AF7ECBF7D64FBF8D1D6BCE3109B">>},
 {<<"goldrush">>, <<"F06E5D5F1277DA5C413E84D5A2924174182FB108DABB39D5EC548B27424CD106">>},
 {<<"hut">>, <<"0089DF0FAA2827C605BBADA88153F24FFF5EA7A4BE32ECF0250A7FDC2719CAFB">>},
 {<<"jam">>, <<"ED9B180F2F3A775E6A47AC490954976802F0638C19A393F3E86D4BA4CF890582">>},
 {<<"jsone">>, <<"547AEFEC1C67FE3283F77BAC4DAF85F3F593002764F768FAAA423875A51A2320">>},
 {<<"lager">>, <<"614A8C8F67BF99B69EB264EA22121AD25511C055AAEC09B086773D5108C6767F">>},
 {<<"parse_trans">>, <<"9E96B1C9C3A0DF54E7B76F8F685D38BFA1EB21B31E042B1D1A5A70258E4DB1E3">>},
 {<<"pbkdf2">>, <<"11C23279FDED5C0027AB3996CFAE77805521D7EF4BABDE2BD7EC04A9086CF499">>},
 {<<"poolboy">>, <<"AD5524BF4B8D30EEE0E5386847B74DAD739BB6AE1893F3AF10F54D427ACC96E4">>},
 {<<"ranch">>, <<"10272F95DA79340FA7E8774BA7930B901713D272905D0012B06CA6D994F8826B">>},
 {<<"riak_core">>, <<"F6E27FB67C9CB9A3FB7AEF38EC1BB5633624D7B78E32E73FE7A0045F3514F032">>},
 {<<"riak_ensemble">>, <<"6570463BF09F1200C003DE298C5D6615C418D3BF0A2DF5CAF469A9DF2558059A">>},
 {<<"riak_sysmon">>, <<"2331BBCAEBE73EA7B2449F4C765827142476CC73D7D86999B4209EE005694D6B">>},
 {<<"setup">>, <<"738DB0685DC1741F45C6A9BF78478E0D5877F3D0876C0B50FD02F0210EDB5AA4">>}]}
].
